
Microsoft Visual Studio Solution File, Format Version 12.00
# Visual Studio 14
VisualStudioVersion = 14.0.25123.0
MinimumVisualStudioVersion = 10.0.40219.1
Project("{FAE04EC0-301F-11D3-BF4B-00C04F79EFBC}") = "exMail", "exMail\exMail.csproj", "{CE5282F2-E46C-469F-8CF8-F3E0D77C13DC}"
EndProject
Project("{FAE04EC0-301F-11D3-BF4B-00C04F79EFBC}") = "UniversalExchangeClientLibrary", "UniversalExchangeClientLibrary\UniversalExchangeClientLibrary.csproj", "{A9920B4D-7FE6-4A97-80FF-8DF1308D62D0}"
EndProject
Project("{FAE04EC0-301F-11D3-BF4B-00C04F79EFBC}") = "PortableExhangeClientLibrary", "PortableExhangeClientLibrary\PortableExhangeClientLibrary.csproj", "{E759CBDE-AAA6-47C8-9A19-ED477AA60D74}"
EndProject
Project("{FAE04EC0-301F-11D3-BF4B-00C04F79EFBC}") = "ExchangeClientLibrary", "ExchangeClientLibrary\ExchangeClientLibrary.csproj", "{6550CCDA-068C-45A5-8A57-2EF30E60DA67}"
EndProject
Global
	GlobalSection(SolutionConfigurationPlatforms) = preSolution
		Debug|Any CPU = Debug|Any CPU
		Debug|ARM = Debug|ARM
		Debug|x64 = Debug|x64
		Debug|x86 = Debug|x86
		Release|Any CPU = Release|Any CPU
		Release|ARM = Release|ARM
		Release|x64 = Release|x64
		Release|x86 = Release|x86
	EndGlobalSection
	GlobalSection(ProjectConfigurationPlatforms) = postSolution
		{CE5282F2-E46C-469F-8CF8-F3E0D77C13DC}.Debug|Any CPU.ActiveCfg = Debug|Any CPU
		{CE5282F2-E46C-469F-8CF8-F3E0D77C13DC}.Debug|Any CPU.Build.0 = Debug|Any CPU
		{CE5282F2-E46C-469F-8CF8-F3E0D77C13DC}.Debug|ARM.ActiveCfg = Debug|Any CPU
		{CE5282F2-E46C-469F-8CF8-F3E0D77C13DC}.Debug|ARM.Build.0 = Debug|Any CPU
		{CE5282F2-E46C-469F-8CF8-F3E0D77C13DC}.Debug|x64.ActiveCfg = Debug|Any CPU
		{CE5282F2-E46C-469F-8CF8-F3E0D77C13DC}.Debug|x64.Build.0 = Debug|Any CPU
		{CE5282F2-E46C-469F-8CF8-F3E0D77C13DC}.Debug|x86.ActiveCfg = Debug|Any CPU
		{CE5282F2-E46C-469F-8CF8-F3E0D77C13DC}.Debug|x86.Build.0 = Debug|Any CPU
		{CE5282F2-E46C-469F-8CF8-F3E0D77C13DC}.Release|Any CPU.ActiveCfg = Release|Any CPU
		{CE5282F2-E46C-469F-8CF8-F3E0D77C13DC}.Release|Any CPU.Build.0 = Release|Any CPU
		{CE5282F2-E46C-469F-8CF8-F3E0D77C13DC}.Release|ARM.ActiveCfg = Release|Any CPU
		{CE5282F2-E46C-469F-8CF8-F3E0D77C13DC}.Release|ARM.Build.0 = Release|Any CPU
		{CE5282F2-E46C-469F-8CF8-F3E0D77C13DC}.Release|x64.ActiveCfg = Release|Any CPU
		{CE5282F2-E46C-469F-8CF8-F3E0D77C13DC}.Release|x64.Build.0 = Release|Any CPU
		{CE5282F2-E46C-469F-8CF8-F3E0D77C13DC}.Release|x86.ActiveCfg = Release|Any CPU
		{CE5282F2-E46C-469F-8CF8-F3E0D77C13DC}.Release|x86.Build.0 = Release|Any CPU
		{A9920B4D-7FE6-4A97-80FF-8DF1308D62D0}.Debug|Any CPU.ActiveCfg = Debug|Any CPU
		{A9920B4D-7FE6-4A97-80FF-8DF1308D62D0}.Debug|Any CPU.Build.0 = Debug|Any CPU
		{A9920B4D-7FE6-4A97-80FF-8DF1308D62D0}.Debug|ARM.ActiveCfg = Debug|ARM
		{A9920B4D-7FE6-4A97-80FF-8DF1308D62D0}.Debug|ARM.Build.0 = Debug|ARM
		{A9920B4D-7FE6-4A97-80FF-8DF1308D62D0}.Debug|x64.ActiveCfg = Debug|x64
		{A9920B4D-7FE6-4A97-80FF-8DF1308D62D0}.Debug|x64.Build.0 = Debug|x64
		{A9920B4D-7FE6-4A97-80FF-8DF1308D62D0}.Debug|x86.ActiveCfg = Debug|x86
		{A9920B4D-7FE6-4A97-80FF-8DF1308D62D0}.Debug|x86.Build.0 = Debug|x86
		{A9920B4D-7FE6-4A97-80FF-8DF1308D62D0}.Release|Any CPU.ActiveCfg = Release|Any CPU
		{A9920B4D-7FE6-4A97-80FF-8DF1308D62D0}.Release|Any CPU.Build.0 = Release|Any CPU
		{A9920B4D-7FE6-4A97-80FF-8DF1308D62D0}.Release|ARM.ActiveCfg = Release|ARM
		{A9920B4D-7FE6-4A97-80FF-8DF1308D62D0}.Release|ARM.Build.0 = Release|ARM
		{A9920B4D-7FE6-4A97-80FF-8DF1308D62D0}.Release|x64.ActiveCfg = Release|x64
		{A9920B4D-7FE6-4A97-80FF-8DF1308D62D0}.Release|x64.Build.0 = Release|x64
		{A9920B4D-7FE6-4A97-80FF-8DF1308D62D0}.Release|x86.ActiveCfg = Release|x86
		{A9920B4D-7FE6-4A97-80FF-8DF1308D62D0}.Release|x86.Build.0 = Release|x86
		{E759CBDE-AAA6-47C8-9A19-ED477AA60D74}.Debug|Any CPU.ActiveCfg = Debug|Any CPU
		{E759CBDE-AAA6-47C8-9A19-ED477AA60D74}.Debug|Any CPU.Build.0 = Debug|Any CPU
		{E759CBDE-AAA6-47C8-9A19-ED477AA60D74}.Debug|ARM.ActiveCfg = Debug|Any CPU
		{E759CBDE-AAA6-47C8-9A19-ED477AA60D74}.Debug|ARM.Build.0 = Debug|Any CPU
		{E759CBDE-AAA6-47C8-9A19-ED477AA60D74}.Debug|x64.ActiveCfg = Debug|Any CPU
		{E759CBDE-AAA6-47C8-9A19-ED477AA60D74}.Debug|x64.Build.0 = Debug|Any CPU
		{E759CBDE-AAA6-47C8-9A19-ED477AA60D74}.Debug|x86.ActiveCfg = Debug|Any CPU
		{E759CBDE-AAA6-47C8-9A19-ED477AA60D74}.Debug|x86.Build.0 = Debug|Any CPU
		{E759CBDE-AAA6-47C8-9A19-ED477AA60D74}.Release|Any CPU.ActiveCfg = Release|Any CPU
		{E759CBDE-AAA6-47C8-9A19-ED477AA60D74}.Release|Any CPU.Build.0 = Release|Any CPU
		{E759CBDE-AAA6-47C8-9A19-ED477AA60D74}.Release|ARM.ActiveCfg = Release|Any CPU
		{E759CBDE-AAA6-47C8-9A19-ED477AA60D74}.Release|ARM.Build.0 = Release|Any CPU
		{E759CBDE-AAA6-47C8-9A19-ED477AA60D74}.Release|x64.ActiveCfg = Release|Any CPU
		{E759CBDE-AAA6-47C8-9A19-ED477AA60D74}.Release|x64.Build.0 = Release|Any CPU
		{E759CBDE-AAA6-47C8-9A19-ED477AA60D74}.Release|x86.ActiveCfg = Release|Any CPU
		{E759CBDE-AAA6-47C8-9A19-ED477AA60D74}.Release|x86.Build.0 = Release|Any CPU
		{6550CCDA-068C-45A5-8A57-2EF30E60DA67}.Debug|Any CPU.ActiveCfg = Debug|Any CPU
		{6550CCDA-068C-45A5-8A57-2EF30E60DA67}.Debug|Any CPU.Build.0 = Debug|Any CPU
		{6550CCDA-068C-45A5-8A57-2EF30E60DA67}.Debug|ARM.ActiveCfg = Debug|Any CPU
		{6550CCDA-068C-45A5-8A57-2EF30E60DA67}.Debug|ARM.Build.0 = Debug|Any CPU
		{6550CCDA-068C-45A5-8A57-2EF30E60DA67}.Debug|x64.ActiveCfg = Debug|Any CPU
		{6550CCDA-068C-45A5-8A57-2EF30E60DA67}.Debug|x64.Build.0 = Debug|Any CPU
		{6550CCDA-068C-45A5-8A57-2EF30E60DA67}.Debug|x86.ActiveCfg = Debug|Any CPU
		{6550CCDA-068C-45A5-8A57-2EF30E60DA67}.Debug|x86.Build.0 = Debug|Any CPU
		{6550CCDA-068C-45A5-8A57-2EF30E60DA67}.Release|Any CPU.ActiveCfg = Release|Any CPU
		{6550CCDA-068C-45A5-8A57-2EF30E60DA67}.Release|Any CPU.Build.0 = Release|Any CPU
		{6550CCDA-068C-45A5-8A57-2EF30E60DA67}.Release|ARM.ActiveCfg = Release|Any CPU
		{6550CCDA-068C-45A5-8A57-2EF30E60DA67}.Release|ARM.Build.0 = Release|Any CPU
		{6550CCDA-068C-45A5-8A57-2EF30E60DA67}.Release|x64.ActiveCfg = Release|Any CPU
		{6550CCDA-068C-45A5-8A57-2EF30E60DA67}.Release|x64.Build.0 = Release|Any CPU
		{6550CCDA-068C-45A5-8A57-2EF30E60DA67}.Release|x86.ActiveCfg = Release|Any CPU
		{6550CCDA-068C-45A5-8A57-2EF30E60DA67}.Release|x86.Build.0 = Release|Any CPU
	EndGlobalSection
	GlobalSection(SolutionProperties) = preSolution
		HideSolutionNode = FALSE
	EndGlobalSection
EndGlobal
